
Microsoft Visual Studio Solution File, Format Version 12.00
# Visual Studio Version 16
VisualStudioVersion = 16.0.31613.86
MinimumVisualStudioVersion = 10.0.40219.1
Project("{FAE04EC0-301F-11D3-BF4B-00C04F79EFBC}") = "consola", "consola\consola.csproj", "{0D22DEBB-9BEE-4C5E-AC93-4BE96634DFCF}"
EndProject
Global
	GlobalSection(SolutionConfigurationPlatforms) = preSolution
		Debug|Any CPU = Debug|Any CPU
		Release|Any CPU = Release|Any CPU
	EndGlobalSection
	GlobalSection(ProjectConfigurationPlatforms) = postSolution
		{0D22DEBB-9BEE-4C5E-AC93-4BE96634DFCF}.Debug|Any CPU.ActiveCfg = Debug|Any CPU
		{0D22DEBB-9BEE-4C5E-AC93-4BE96634DFCF}.Debug|Any CPU.Build.0 = Debug|Any CPU
		{0D22DEBB-9BEE-4C5E-AC93-4BE96634DFCF}.Release|Any CPU.ActiveCfg = Release|Any CPU
		{0D22DEBB-9BEE-4C5E-AC93-4BE96634DFCF}.Release|Any CPU.Build.0 = Release|Any CPU
	EndGlobalSection
	GlobalSection(SolutionProperties) = preSolution
		HideSolutionNode = FALSE
	EndGlobalSection
	GlobalSection(ExtensibilityGlobals) = postSolution
		SolutionGuid = {28AB0C2C-510E-43E5-B214-1ACE0E2C4FC5}
	EndGlobalSection
EndGlobal
